// !$*UTF8*$!
{
	archiveVersion = 1;
	classes = {
	};
	objectVersion = 50;
	objects = {

/* Begin PBXBuildFile section */
		EF0F7D3A20A4B0BB0020DFC1 /* AppDelegate.swift in Sources */ = {isa = PBXBuildFile; fileRef = EF0F7D3920A4B0BB0020DFC1 /* AppDelegate.swift */; };
		EF0F7D3C20A4B0BB0020DFC1 /* ViewController.swift in Sources */ = {isa = PBXBuildFile; fileRef = EF0F7D3B20A4B0BB0020DFC1 /* ViewController.swift */; };
		EF0F7D3F20A4B0BB0020DFC1 /* Main.storyboard in Resources */ = {isa = PBXBuildFile; fileRef = EF0F7D3D20A4B0BB0020DFC1 /* Main.storyboard */; };
		EF0F7D4120A4B0BE0020DFC1 /* Assets.xcassets in Resources */ = {isa = PBXBuildFile; fileRef = EF0F7D4020A4B0BE0020DFC1 /* Assets.xcassets */; };
		EF0F7D4420A4B0BE0020DFC1 /* LaunchScreen.storyboard in Resources */ = {isa = PBXBuildFile; fileRef = EF0F7D4220A4B0BE0020DFC1 /* LaunchScreen.storyboard */; };
		EF0F7D4F20A4B0BE0020DFC1 /* ScrollViewTests.swift in Sources */ = {isa = PBXBuildFile; fileRef = EF0F7D4E20A4B0BE0020DFC1 /* ScrollViewTests.swift */; };
		EF0F7D5A20A4B0BE0020DFC1 /* ScrollViewUITests.swift in Sources */ = {isa = PBXBuildFile; fileRef = EF0F7D5920A4B0BE0020DFC1 /* ScrollViewUITests.swift */; };
		EF46295720AFCCE5002D68BA /* TBView.xib in Resources */ = {isa = PBXBuildFile; fileRef = EF46295620AFCCE5002D68BA /* TBView.xib */; };
		EF46295920AFCD4C002D68BA /* TBView.swift in Sources */ = {isa = PBXBuildFile; fileRef = EF46295820AFCD4C002D68BA /* TBView.swift */; };
/* End PBXBuildFile section */

/* Begin PBXContainerItemProxy section */
		EF0F7D4B20A4B0BE0020DFC1 /* PBXContainerItemProxy */ = {
			isa = PBXContainerItemProxy;
			containerPortal = EF0F7D2E20A4B0BB0020DFC1 /* Project object */;
			proxyType = 1;
			remoteGlobalIDString = EF0F7D3520A4B0BB0020DFC1;
			remoteInfo = ScrollView;
		};
		EF0F7D5620A4B0BE0020DFC1 /* PBXContainerItemProxy */ = {
			isa = PBXContainerItemProxy;
			containerPortal = EF0F7D2E20A4B0BB0020DFC1 /* Project object */;
			proxyType = 1;
			remoteGlobalIDString = EF0F7D3520A4B0BB0020DFC1;
			remoteInfo = ScrollView;
		};
/* End PBXContainerItemProxy section */

/* Begin PBXFileReference section */
		EF0F7D3620A4B0BB0020DFC1 /* ScrollView.app */ = {isa = PBXFileReference; explicitFileType = wrapper.application; includeInIndex = 0; path = ScrollView.app; sourceTree = BUILT_PRODUCTS_DIR; };
		EF0F7D3920A4B0BB0020DFC1 /* AppDelegate.swift */ = {isa = PBXFileReference; lastKnownFileType = sourcecode.swift; path = AppDelegate.swift; sourceTree = "<group>"; };
		EF0F7D3B20A4B0BB0020DFC1 /* ViewController.swift */ = {isa = PBXFileReference; lastKnownFileType = sourcecode.swift; path = ViewController.swift; sourceTree = "<group>"; };
		EF0F7D3E20A4B0BB0020DFC1 /* Base */ = {isa = PBXFileReference; lastKnownFileType = file.storyboard; name = Base; path = Base.lproj/Main.storyboard; sourceTree = "<group>"; };
		EF0F7D4020A4B0BE0020DFC1 /* Assets.xcassets */ = {isa = PBXFileReference; lastKnownFileType = folder.assetcatalog; path = Assets.xcassets; sourceTree = "<group>"; };
		EF0F7D4320A4B0BE0020DFC1 /* Base */ = {isa = PBXFileReference; lastKnownFileType = file.storyboard; name = Base; path = Base.lproj/LaunchScreen.storyboard; sourceTree = "<group>"; };
		EF0F7D4520A4B0BE0020DFC1 /* Info.plist */ = {isa = PBXFileReference; lastKnownFileType = text.plist.xml; path = Info.plist; sourceTree = "<group>"; };
		EF0F7D4A20A4B0BE0020DFC1 /* ScrollViewTests.xctest */ = {isa = PBXFileReference; explicitFileType = wrapper.cfbundle; includeInIndex = 0; path = ScrollViewTests.xctest; sourceTree = BUILT_PRODUCTS_DIR; };
		EF0F7D4E20A4B0BE0020DFC1 /* ScrollViewTests.swift */ = {isa = PBXFileReference; lastKnownFileType = sourcecode.swift; path = ScrollViewTests.swift; sourceTree = "<group>"; };
		EF0F7D5020A4B0BE0020DFC1 /* Info.plist */ = {isa = PBXFileReference; lastKnownFileType = text.plist.xml; path = Info.plist; sourceTree = "<group>"; };
		EF0F7D5520A4B0BE0020DFC1 /* ScrollViewUITests.xctest */ = {isa = PBXFileReference; explicitFileType = wrapper.cfbundle; includeInIndex = 0; path = ScrollViewUITests.xctest; sourceTree = BUILT_PRODUCTS_DIR; };
		EF0F7D5920A4B0BE0020DFC1 /* ScrollViewUITests.swift */ = {isa = PBXFileReference; lastKnownFileType = sourcecode.swift; path = ScrollViewUITests.swift; sourceTree = "<group>"; };
		EF0F7D5B20A4B0BE0020DFC1 /* Info.plist */ = {isa = PBXFileReference; lastKnownFileType = text.plist.xml; path = Info.plist; sourceTree = "<group>"; };
		EF46295620AFCCE5002D68BA /* TBView.xib */ = {isa = PBXFileReference; lastKnownFileType = file.xib; path = TBView.xib; sourceTree = "<group>"; };
		EF46295820AFCD4C002D68BA /* TBView.swift */ = {isa = PBXFileReference; lastKnownFileType = sourcecode.swift; path = TBView.swift; sourceTree = "<group>"; };
/* End PBXFileReference section */

/* Begin PBXFrameworksBuildPhase section */
		EF0F7D3320A4B0BB0020DFC1 /* Frameworks */ = {
			isa = PBXFrameworksBuildPhase;
			buildActionMask = 2147483647;
			files = (
			);
			runOnlyForDeploymentPostprocessing = 0;
		};
		EF0F7D4720A4B0BE0020DFC1 /* Frameworks */ = {
			isa = PBXFrameworksBuildPhase;
			buildActionMask = 2147483647;
			files = (
			);
			runOnlyForDeploymentPostprocessing = 0;
		};
		EF0F7D5220A4B0BE0020DFC1 /* Frameworks */ = {
			isa = PBXFrameworksBuildPhase;
			buildActionMask = 2147483647;
			files = (
			);
			runOnlyForDeploymentPostprocessing = 0;
		};
/* End PBXFrameworksBuildPhase section */

/* Begin PBXGroup section */
		EF0F7D2D20A4B0BB0020DFC1 = {
			isa = PBXGroup;
			children = (
				EF0F7D3820A4B0BB0020DFC1 /* ScrollView */,
				EF0F7D4D20A4B0BE0020DFC1 /* ScrollViewTests */,
				EF0F7D5820A4B0BE0020DFC1 /* ScrollViewUITests */,
				EF0F7D3720A4B0BB0020DFC1 /* Products */,
			);
			sourceTree = "<group>";
		};
		EF0F7D3720A4B0BB0020DFC1 /* Products */ = {
			isa = PBXGroup;
			children = (
				EF0F7D3620A4B0BB0020DFC1 /* ScrollView.app */,
				EF0F7D4A20A4B0BE0020DFC1 /* ScrollViewTests.xctest */,
				EF0F7D5520A4B0BE0020DFC1 /* ScrollViewUITests.xctest */,
			);
			name = Products;
			sourceTree = "<group>";
		};
		EF0F7D3820A4B0BB0020DFC1 /* ScrollView */ = {
			isa = PBXGroup;
			children = (
				EF0F7D3920A4B0BB0020DFC1 /* AppDelegate.swift */,
				EF0F7D3B20A4B0BB0020DFC1 /* ViewController.swift */,
				EF0F7D3D20A4B0BB0020DFC1 /* Main.storyboard */,
				EF0F7D4020A4B0BE0020DFC1 /* Assets.xcassets */,
				EF0F7D4220A4B0BE0020DFC1 /* LaunchScreen.storyboard */,
				EF0F7D4520A4B0BE0020DFC1 /* Info.plist */,
				EF46295620AFCCE5002D68BA /* TBView.xib */,
				EF46295820AFCD4C002D68BA /* TBView.swift */,
			);
			path = ScrollView;
			sourceTree = "<group>";
		};
		EF0F7D4D20A4B0BE0020DFC1 /* ScrollViewTests */ = {
			isa = PBXGroup;
			children = (
				EF0F7D4E20A4B0BE0020DFC1 /* ScrollViewTests.swift */,
				EF0F7D5020A4B0BE0020DFC1 /* Info.plist */,
			);
			path = ScrollViewTests;
			sourceTree = "<group>";
		};
		EF0F7D5820A4B0BE0020DFC1 /* ScrollViewUITests */ = {
			isa = PBXGroup;
			children = (
				EF0F7D5920A4B0BE0020DFC1 /* ScrollViewUITests.swift */,
				EF0F7D5B20A4B0BE0020DFC1 /* Info.plist */,
			);
			path = ScrollViewUITests;
			sourceTree = "<group>";
		};
/* End PBXGroup section */

/* Begin PBXNativeTarget section */
		EF0F7D3520A4B0BB0020DFC1 /* ScrollView */ = {
			isa = PBXNativeTarget;
			buildConfigurationList = EF0F7D5E20A4B0BE0020DFC1 /* Build configuration list for PBXNativeTarget "ScrollView" */;
			buildPhases = (
				EF0F7D3220A4B0BB0020DFC1 /* Sources */,
				EF0F7D3320A4B0BB0020DFC1 /* Frameworks */,
				EF0F7D3420A4B0BB0020DFC1 /* Resources */,
			);
			buildRules = (
			);
			dependencies = (
			);
			name = ScrollView;
			productName = ScrollView;
			productReference = EF0F7D3620A4B0BB0020DFC1 /* ScrollView.app */;
			productType = "com.apple.product-type.application";
		};
		EF0F7D4920A4B0BE0020DFC1 /* ScrollViewTests */ = {
			isa = PBXNativeTarget;
			buildConfigurationList = EF0F7D6120A4B0BE0020DFC1 /* Build configuration list for PBXNativeTarget "ScrollViewTests" */;
			buildPhases = (
				EF0F7D4620A4B0BE0020DFC1 /* Sources */,
				EF0F7D4720A4B0BE0020DFC1 /* Frameworks */,
				EF0F7D4820A4B0BE0020DFC1 /* Resources */,
			);
			buildRules = (
			);
			dependencies = (
				EF0F7D4C20A4B0BE0020DFC1 /* PBXTargetDependency */,
			);
			name = ScrollViewTests;
			productName = ScrollViewTests;
			productReference = EF0F7D4A20A4B0BE0020DFC1 /* ScrollViewTests.xctest */;
			productType = "com.apple.product-type.bundle.unit-test";
		};
		EF0F7D5420A4B0BE0020DFC1 /* ScrollViewUITests */ = {
			isa = PBXNativeTarget;
			buildConfigurationList = EF0F7D6420A4B0BE0020DFC1 /* Build configuration list for PBXNativeTarget "ScrollViewUITests" */;
			buildPhases = (
				EF0F7D5120A4B0BE0020DFC1 /* Sources */,
				EF0F7D5220A4B0BE0020DFC1 /* Frameworks */,
				EF0F7D5320A4B0BE0020DFC1 /* Resources */,
			);
			buildRules = (
			);
			dependencies = (
				EF0F7D5720A4B0BE0020DFC1 /* PBXTargetDependency */,
			);
			name = ScrollViewUITests;
			productName = ScrollViewUITests;
			productReference = EF0F7D5520A4B0BE0020DFC1 /* ScrollViewUITests.xctest */;
			productType = "com.apple.product-type.bundle.ui-testing";
		};
/* End PBXNativeTarget section */

/* Begin PBXProject section */
		EF0F7D2E20A4B0BB0020DFC1 /* Project object */ = {
			isa = PBXProject;
			attributes = {
				LastSwiftUpdateCheck = 0930;
				LastUpgradeCheck = 0930;
				ORGANIZATIONNAME = "Yu, Huiting";
				TargetAttributes = {
					EF0F7D3520A4B0BB0020DFC1 = {
						CreatedOnToolsVersion = 9.3;
					};
					EF0F7D4920A4B0BE0020DFC1 = {
						CreatedOnToolsVersion = 9.3;
						TestTargetID = EF0F7D3520A4B0BB0020DFC1;
					};
					EF0F7D5420A4B0BE0020DFC1 = {
						CreatedOnToolsVersion = 9.3;
						TestTargetID = EF0F7D3520A4B0BB0020DFC1;
					};
				};
			};
			buildConfigurationList = EF0F7D3120A4B0BB0020DFC1 /* Build configuration list for PBXProject "ScrollView" */;
			compatibilityVersion = "Xcode 9.3";
			developmentRegion = en;
			hasScannedForEncodings = 0;
			knownRegions = (
				en,
				Base,
			);
			mainGroup = EF0F7D2D20A4B0BB0020DFC1;
			productRefGroup = EF0F7D3720A4B0BB0020DFC1 /* Products */;
			projectDirPath = "";
			projectRoot = "";
			targets = (
				EF0F7D3520A4B0BB0020DFC1 /* ScrollView */,
				EF0F7D4920A4B0BE0020DFC1 /* ScrollViewTests */,
				EF0F7D5420A4B0BE0020DFC1 /* ScrollViewUITests */,
			);
		};
/* End PBXProject section */

/* Begin PBXResourcesBuildPhase section */
		EF0F7D3420A4B0BB0020DFC1 /* Resources */ = {
			isa = PBXResourcesBuildPhase;
			buildActionMask = 2147483647;
			files = (
				EF46295720AFCCE5002D68BA /* TBView.xib in Resources */,
				EF0F7D4420A4B0BE0020DFC1 /* LaunchScreen.storyboard in Resources */,
				EF0F7D4120A4B0BE0020DFC1 /* Assets.xcassets in Resources */,
				EF0F7D3F20A4B0BB0020DFC1 /* Main.storyboard in Resources */,
			);
			runOnlyForDeploymentPostprocessing = 0;
		};
		EF0F7D4820A4B0BE0020DFC1 /* Resources */ = {
			isa = PBXResourcesBuildPhase;
			buildActionMask = 2147483647;
			files = (
			);
			runOnlyForDeploymentPostprocessing = 0;
		};
		EF0F7D5320A4B0BE0020DFC1 /* Resources */ = {
			isa = PBXResourcesBuildPhase;
			buildActionMask = 2147483647;
			files = (
			);
			runOnlyForDeploymentPostprocessing = 0;
		};
/* End PBXResourcesBuildPhase section */

/* Begin PBXSourcesBuildPhase section */
		EF0F7D3220A4B0BB0020DFC1 /* Sources */ = {
			isa = PBXSourcesBuildPhase;
			buildActionMask = 2147483647;
			files = (
				EF0F7D3C20A4B0BB0020DFC1 /* ViewController.swift in Sources */,
				EF46295920AFCD4C002D68BA /* TBView.swift in Sources */,
				EF0F7D3A20A4B0BB0020DFC1 /* AppDelegate.swift in Sources */,
			);
			runOnlyForDeploymentPostprocessing = 0;
		};
		EF0F7D4620A4B0BE0020DFC1 /* Sources */ = {
			isa = PBXSourcesBuildPhase;
			buildActionMask = 2147483647;
			files = (
				EF0F7D4F20A4B0BE0020DFC1 /* ScrollViewTests.swift in Sources */,
			);
			runOnlyForDeploymentPostprocessing = 0;
		};
		EF0F7D5120A4B0BE0020DFC1 /* Sources */ = {
			isa = PBXSourcesBuildPhase;
			buildActionMask = 2147483647;
			files = (
				EF0F7D5A20A4B0BE0020DFC1 /* ScrollViewUITests.swift in Sources */,
			);
			runOnlyForDeploymentPostprocessing = 0;
		};
/* End PBXSourcesBuildPhase section */

/* Begin PBXTargetDependency section */
		EF0F7D4C20A4B0BE0020DFC1 /* PBXTargetDependency */ = {
			isa = PBXTargetDependency;
			target = EF0F7D3520A4B0BB0020DFC1 /* ScrollView */;
			targetProxy = EF0F7D4B20A4B0BE0020DFC1 /* PBXContainerItemProxy */;
		};
		EF0F7D5720A4B0BE0020DFC1 /* PBXTargetDependency */ = {
			isa = PBXTargetDependency;
			target = EF0F7D3520A4B0BB0020DFC1 /* ScrollView */;
			targetProxy = EF0F7D5620A4B0BE0020DFC1 /* PBXContainerItemProxy */;
		};
/* End PBXTargetDependency section */

/* Begin PBXVariantGroup section */
		EF0F7D3D20A4B0BB0020DFC1 /* Main.storyboard */ = {
			isa = PBXVariantGroup;
			children = (
				EF0F7D3E20A4B0BB0020DFC1 /* Base */,
			);
			name = Main.storyboard;
			sourceTree = "<group>";
		};
		EF0F7D4220A4B0BE0020DFC1 /* LaunchScreen.storyboard */ = {
			isa = PBXVariantGroup;
			children = (
				EF0F7D4320A4B0BE0020DFC1 /* Base */,
			);
			name = LaunchScreen.storyboard;
			sourceTree = "<group>";
		};
/* End PBXVariantGroup section */

/* Begin XCBuildConfiguration section */
		EF0F7D5C20A4B0BE0020DFC1 /* Debug */ = {
			isa = XCBuildConfiguration;
			buildSettings = {
				ALWAYS_SEARCH_USER_PATHS = NO;
				CLANG_ANALYZER_NONNULL = YES;
				CLANG_ANALYZER_NUMBER_OBJECT_CONVERSION = YES_AGGRESSIVE;
				CLANG_CXX_LANGUAGE_STANDARD = "gnu++14";
				CLANG_CXX_LIBRARY = "libc++";
				CLANG_ENABLE_MODULES = YES;
				CLANG_ENABLE_OBJC_ARC = YES;
				CLANG_ENABLE_OBJC_WEAK = YES;
				CLANG_WARN_BLOCK_CAPTURE_AUTORELEASING = YES;
				CLANG_WARN_BOOL_CONVERSION = YES;
				CLANG_WARN_COMMA = YES;
				CLANG_WARN_CONSTANT_CONVERSION = YES;
				CLANG_WARN_DEPRECATED_OBJC_IMPLEMENTATIONS = YES;
				CLANG_WARN_DIRECT_OBJC_ISA_USAGE = YES_ERROR;
				CLANG_WARN_DOCUMENTATION_COMMENTS = YES;
				CLANG_WARN_EMPTY_BODY = YES;
				CLANG_WARN_ENUM_CONVERSION = YES;
				CLANG_WARN_INFINITE_RECURSION = YES;
				CLANG_WARN_INT_CONVERSION = YES;
				CLANG_WARN_NON_LITERAL_NULL_CONVERSION = YES;
				CLANG_WARN_OBJC_IMPLICIT_RETAIN_SELF = YES;
				CLANG_WARN_OBJC_LITERAL_CONVERSION = YES;
				CLANG_WARN_OBJC_ROOT_CLASS = YES_ERROR;
				CLANG_WARN_RANGE_LOOP_ANALYSIS = YES;
				CLANG_WARN_STRICT_PROTOTYPES = YES;
				CLANG_WARN_SUSPICIOUS_MOVE = YES;
				CLANG_WARN_UNGUARDED_AVAILABILITY = YES_AGGRESSIVE;
				CLANG_WARN_UNREACHABLE_CODE = YES;
				CLANG_WARN__DUPLICATE_METHOD_MATCH = YES;
				CODE_SIGN_IDENTITY = "iPhone Developer";
				COPY_PHASE_STRIP = NO;
				DEBUG_INFORMATION_FORMAT = dwarf;
				ENABLE_STRICT_OBJC_MSGSEND = YES;
				ENABLE_TESTABILITY = YES;
				GCC_C_LANGUAGE_STANDARD = gnu11;
				GCC_DYNAMIC_NO_PIC = NO;
				GCC_NO_COMMON_BLOCKS = YES;
				GCC_OPTIMIZATION_LEVEL = 0;
				GCC_PREPROCESSOR_DEFINITIONS = (
					"DEBUG=1",
					"$(inherited)",
				);
				GCC_WARN_64_TO_32_BIT_CONVERSION = YES;
				GCC_WARN_ABOUT_RETURN_TYPE = YES_ERROR;
				GCC_WARN_UNDECLARED_SELECTOR = YES;
				GCC_WARN_UNINITIALIZED_AUTOS = YES_AGGRESSIVE;
				GCC_WARN_UNUSED_FUNCTION = YES;
				GCC_WARN_UNUSED_VARIABLE = YES;
				IPHONEOS_DEPLOYMENT_TARGET = 11.3;
				MTL_ENABLE_DEBUG_INFO = YES;
				ONLY_ACTIVE_ARCH = YES;
				SDKROOT = iphoneos;
				SWIFT_ACTIVE_COMPILATION_CONDITIONS = DEBUG;
				SWIFT_OPTIMIZATION_LEVEL = "-Onone";
			};
			name = Debug;
		};
		EF0F7D5D20A4B0BE0020DFC1 /* Release */ = {
			isa = XCBuildConfiguration;
			buildSettings = {
				ALWAYS_SEARCH_USER_PATHS = NO;
				CLANG_ANALYZER_NONNULL = YES;
				CLANG_ANALYZER_NUMBER_OBJECT_CONVERSION = YES_AGGRESSIVE;
				CLANG_CXX_LANGUAGE_STANDARD = "gnu++14";
				CLANG_CXX_LIBRARY = "libc++";
				CLANG_ENABLE_MODULES = YES;
				CLANG_ENABLE_OBJC_ARC = YES;
				CLANG_ENABLE_OBJC_WEAK = YES;
				CLANG_WARN_BLOCK_CAPTURE_AUTORELEASING = YES;
				CLANG_WARN_BOOL_CONVERSION = YES;
				CLANG_WARN_COMMA = YES;
				CLANG_WARN_CONSTANT_CONVERSION = YES;
				CLANG_WARN_DEPRECATED_OBJC_IMPLEMENTATIONS = YES;
				CLANG_WARN_DIRECT_OBJC_ISA_USAGE = YES_ERROR;
				CLANG_WARN_DOCUMENTATION_COMMENTS = YES;
				CLANG_WARN_EMPTY_BODY = YES;
				CLANG_WARN_ENUM_CONVERSION = YES;
				CLANG_WARN_INFINITE_RECURSION = YES;
				CLANG_WARN_INT_CONVERSION = YES;
				CLANG_WARN_NON_LITERAL_NULL_CONVERSION = YES;
				CLANG_WARN_OBJC_IMPLICIT_RETAIN_SELF = YES;
				CLANG_WARN_OBJC_LITERAL_CONVERSION = YES;
				CLANG_WARN_OBJC_ROOT_CLASS = YES_ERROR;
				CLANG_WARN_RANGE_LOOP_ANALYSIS = YES;
				CLANG_WARN_STRICT_PROTOTYPES = YES;
				CLANG_WARN_SUSPICIOUS_MOVE = YES;
				CLANG_WARN_UNGUARDED_AVAILABILITY = YES_AGGRESSIVE;
				CLANG_WARN_UNREACHABLE_CODE = YES;
				CLANG_WARN__DUPLICATE_METHOD_MATCH = YES;
				CODE_SIGN_IDENTITY = "iPhone Developer";
				COPY_PHASE_STRIP = NO;
				DEBUG_INFORMATION_FORMAT = "dwarf-with-dsym";
				ENABLE_NS_ASSERTIONS = NO;
				ENABLE_STRICT_OBJC_MSGSEND = YES;
				GCC_C_LANGUAGE_STANDARD = gnu11;
				GCC_NO_COMMON_BLOCKS = YES;
				GCC_WARN_64_TO_32_BIT_CONVERSION = YES;
				GCC_WARN_ABOUT_RETURN_TYPE = YES_ERROR;
				GCC_WARN_UNDECLARED_SELECTOR = YES;
				GCC_WARN_UNINITIALIZED_AUTOS = YES_AGGRESSIVE;
				GCC_WARN_UNUSED_FUNCTION = YES;
				GCC_WARN_UNUSED_VARIABLE = YES;
				IPHONEOS_DEPLOYMENT_TARGET = 11.3;
				MTL_ENABLE_DEBUG_INFO = NO;
				SDKROOT = iphoneos;
				SWIFT_COMPILATION_MODE = wholemodule;
				SWIFT_OPTIMIZATION_LEVEL = "-O";
				VALIDATE_PRODUCT = YES;
			};
			name = Release;
		};
		EF0F7D5F20A4B0BE0020DFC1 /* Debug */ = {
			isa = XCBuildConfiguration;
			buildSettings = {
				ASSETCATALOG_COMPILER_APPICON_NAME = AppIcon;
				CODE_SIGN_STYLE = Automatic;
				INFOPLIST_FILE = ScrollView/Info.plist;
				LD_RUNPATH_SEARCH_PATHS = (
					"$(inherited)",
					"@executable_path/Frameworks",
				);
				PRODUCT_BUNDLE_IDENTIFIER = hyu.ScrollView;
				PRODUCT_NAME = "$(TARGET_NAME)";
				SWIFT_VERSION = 4.0;
				TARGETED_DEVICE_FAMILY = "1,2";
			};
			name = Debug;
		};
		EF0F7D6020A4B0BE0020DFC1 /* Release */ = {
			isa = XCBuildConfiguration;
			buildSettings = {
				ASSETCATALOG_COMPILER_APPICON_NAME = AppIcon;
				CODE_SIGN_STYLE = Automatic;
				INFOPLIST_FILE = ScrollView/Info.plist;
				LD_RUNPATH_SEARCH_PATHS = (
					"$(inherited)",
					"@executable_path/Frameworks",
				);
				PRODUCT_BUNDLE_IDENTIFIER = hyu.ScrollView;
				PRODUCT_NAME = "$(TARGET_NAME)";
				SWIFT_VERSION = 4.0;
				TARGETED_DEVICE_FAMILY = "1,2";
			};
			name = Release;
		};
		EF0F7D6220A4B0BE0020DFC1 /* Debug */ = {
			isa = XCBuildConfiguration;
			buildSettings = {
				ALWAYS_EMBED_SWIFT_STANDARD_LIBRARIES = YES;
				BUNDLE_LOADER = "$(TEST_HOST)";
				CODE_SIGN_STYLE = Automatic;
				INFOPLIST_FILE = ScrollViewTests/Info.plist;
				LD_RUNPATH_SEARCH_PATHS = (
					"$(inherited)",
					"@executable_path/Frameworks",
					"@loader_path/Frameworks",
				);
				PRODUCT_BUNDLE_IDENTIFIER = hyu.ScrollViewTests;
				PRODUCT_NAME = "$(TARGET_NAME)";
				SWIFT_VERSION = 4.0;
				TARGETED_DEVICE_FAMILY = "1,2";
				TEST_HOST = "$(BUILT_PRODUCTS_DIR)/ScrollView.app/ScrollView";
			};
			name = Debug;
		};
		EF0F7D6320A4B0BE0020DFC1 /* Release */ = {
			isa = XCBuildConfiguration;
			buildSettings = {
				ALWAYS_EMBED_SWIFT_STANDARD_LIBRARIES = YES;
				BUNDLE_LOADER = "$(TEST_HOST)";
				CODE_SIGN_STYLE = Automatic;
				INFOPLIST_FILE = ScrollViewTests/Info.plist;
				LD_RUNPATH_SEARCH_PATHS = (
					"$(inherited)",
					"@executable_path/Frameworks",
					"@loader_path/Frameworks",
				);
				PRODUCT_BUNDLE_IDENTIFIER = hyu.ScrollViewTests;
				PRODUCT_NAME = "$(TARGET_NAME)";
				SWIFT_VERSION = 4.0;
				TARGETED_DEVICE_FAMILY = "1,2";
				TEST_HOST = "$(BUILT_PRODUCTS_DIR)/ScrollView.app/ScrollView";
			};
			name = Release;
		};
		EF0F7D6520A4B0BE0020DFC1 /* Debug */ = {
			isa = XCBuildConfiguration;
			buildSettings = {
				ALWAYS_EMBED_SWIFT_STANDARD_LIBRARIES = YES;
				CODE_SIGN_STYLE = Automatic;
				INFOPLIST_FILE = ScrollViewUITests/Info.plist;
				LD_RUNPATH_SEARCH_PATHS = (
					"$(inherited)",
					"@executable_path/Frameworks",
					"@loader_path/Frameworks",
				);
				PRODUCT_BUNDLE_IDENTIFIER = hyu.ScrollViewUITests;
				PRODUCT_NAME = "$(TARGET_NAME)";
				SWIFT_VERSION = 4.0;
				TARGETED_DEVICE_FAMILY = "1,2";
				TEST_TARGET_NAME = ScrollView;
			};
			name = Debug;
		};
		EF0F7D6620A4B0BE0020DFC1 /* Release */ = {
			isa = XCBuildConfiguration;
			buildSettings = {
				ALWAYS_EMBED_SWIFT_STANDARD_LIBRARIES = YES;
				CODE_SIGN_STYLE = Automatic;
				INFOPLIST_FILE = ScrollViewUITests/Info.plist;
				LD_RUNPATH_SEARCH_PATHS = (
					"$(inherited)",
					"@executable_path/Frameworks",
					"@loader_path/Frameworks",
				);
				PRODUCT_BUNDLE_IDENTIFIER = hyu.ScrollViewUITests;
				PRODUCT_NAME = "$(TARGET_NAME)";
				SWIFT_VERSION = 4.0;
				TARGETED_DEVICE_FAMILY = "1,2";
				TEST_TARGET_NAME = ScrollView;
			};
			name = Release;
		};
/* End XCBuildConfiguration section */

/* Begin XCConfigurationList section */
		EF0F7D3120A4B0BB0020DFC1 /* Build configuration list for PBXProject "ScrollView" */ = {
			isa = XCConfigurationList;
			buildConfigurations = (
				EF0F7D5C20A4B0BE0020DFC1 /* Debug */,
				EF0F7D5D20A4B0BE0020DFC1 /* Release */,
			);
			defaultConfigurationIsVisible = 0;
			defaultConfigurationName = Release;
		};
		EF0F7D5E20A4B0BE0020DFC1 /* Build configuration list for PBXNativeTarget "ScrollView" */ = {
			isa = XCConfigurationList;
			buildConfigurations = (
				EF0F7D5F20A4B0BE0020DFC1 /* Debug */,
				EF0F7D6020A4B0BE0020DFC1 /* Release */,
			);
			defaultConfigurationIsVisible = 0;
			defaultConfigurationName = Release;
		};
		EF0F7D6120A4B0BE0020DFC1 /* Build configuration list for PBXNativeTarget "ScrollViewTests" */ = {
			isa = XCConfigurationList;
			buildConfigurations = (
				EF0F7D6220A4B0BE0020DFC1 /* Debug */,
				EF0F7D6320A4B0BE0020DFC1 /* Release */,
			);
			defaultConfigurationIsVisible = 0;
			defaultConfigurationName = Release;
		};
		EF0F7D6420A4B0BE0020DFC1 /* Build configuration list for PBXNativeTarget "ScrollViewUITests" */ = {
			isa = XCConfigurationList;
			buildConfigurations = (
				EF0F7D6520A4B0BE0020DFC1 /* Debug */,
				EF0F7D6620A4B0BE0020DFC1 /* Release */,
			);
			defaultConfigurationIsVisible = 0;
			defaultConfigurationName = Release;
		};
/* End XCConfigurationList section */
	};
	rootObject = EF0F7D2E20A4B0BB0020DFC1 /* Project object */;
}
